
Microsoft Visual Studio Solution File, Format Version 12.00
# Visual Studio Version 17
VisualStudioVersion = 17.8.34330.188
MinimumVisualStudioVersion = 10.0.40219.1
Project("{9A19103F-16F7-4668-BE54-9A1E7A4F7556}") = "RestuarantReservationSystem", "RestuarantReservationSystem\RestuarantReservationSystem.csproj", "{2B77FE8A-C6A5-4E20-A388-5DA13EE386E3}"
EndProject
Global
	GlobalSection(SolutionConfigurationPlatforms) = preSolution
		Debug|Any CPU = Debug|Any CPU
		Release|Any CPU = Release|Any CPU
	EndGlobalSection
	GlobalSection(ProjectConfigurationPlatforms) = postSolution
		{2B77FE8A-C6A5-4E20-A388-5DA13EE386E3}.Debug|Any CPU.ActiveCfg = Debug|Any CPU
		{2B77FE8A-C6A5-4E20-A388-5DA13EE386E3}.Debug|Any CPU.Build.0 = Debug|Any CPU
		{2B77FE8A-C6A5-4E20-A388-5DA13EE386E3}.Release|Any CPU.ActiveCfg = Release|Any CPU
		{2B77FE8A-C6A5-4E20-A388-5DA13EE386E3}.Release|Any CPU.Build.0 = Release|Any CPU
	EndGlobalSection
	GlobalSection(SolutionProperties) = preSolution
		HideSolutionNode = FALSE
	EndGlobalSection
	GlobalSection(ExtensibilityGlobals) = postSolution
		SolutionGuid = {90578DBC-7CFF-4D06-A57F-CCAA51EB6025}
	EndGlobalSection
EndGlobal
